bash	https://ghcr.io/v2/homebrew/core/bash/blobs/sha256:c2d4235260c69c4a25017c046a96a9da837725ed2e1f9a92e43ec54503d1b781	c2d4235260c69c4a25017c046a96a9da837725ed2e1f9a92e43ec54503d1b781
gettext	https://ghcr.io/v2/homebrew/core/gettext/blobs/sha256:d11a97db1d735fb9860a9637e72b2765ef93536851d36c8f0b5cbbc22b539c5a	d11a97db1d735fb9860a9637e72b2765ef93536851d36c8f0b5cbbc22b539c5a
lz4	https://ghcr.io/v2/homebrew/core/lz4/blobs/sha256:6590245dc4a919c46afa16366914cd4b5c0c4a8f4fb35a4f6ab89053f289ae5d	6590245dc4a919c46afa16366914cd4b5c0c4a8f4fb35a4f6ab89053f289ae5d
lzo	https://ghcr.io/v2/homebrew/core/lzo/blobs/sha256:167749edd2052e4c577f27c79a41eb1cb4b79302b1e4bef1e4cfb29bd50aedd9	167749edd2052e4c577f27c79a41eb1cb4b79302b1e4bef1e4cfb29bd50aedd9
ncurses	https://ghcr.io/v2/homebrew/core/ncurses/blobs/sha256:d4df00300346955c4703c7deecd3affca58a0a27477087d6ff387beb30a3ac9f	d4df00300346955c4703c7deecd3affca58a0a27477087d6ff387beb30a3ac9f
openssl@3	https://ghcr.io/v2/homebrew/core/openssl/3/blobs/sha256:79774ba3c854f0a9f94d939c628414c9b3dd2ff5eeb1dc61743199c979dd3490	79774ba3c854f0a9f94d939c628414c9b3dd2ff5eeb1dc61743199c979dd3490
openvpn	https://ghcr.io/v2/homebrew/core/openvpn/blobs/sha256:c0534bcb142aaf499fdb3aa31f07a0d767449a6404a6cc715945c878f927c326	c0534bcb142aaf499fdb3aa31f07a0d767449a6404a6cc715945c878f927c326
pkcs11-helper	https://ghcr.io/v2/homebrew/core/pkcs11-helper/blobs/sha256:c971afeedc5f788b1297d152f30a617c0ee94bd0dc07d667ece07f48938436ef	c971afeedc5f788b1297d152f30a617c0ee94bd0dc07d667ece07f48938436ef
readline	https://ghcr.io/v2/homebrew/core/readline/blobs/sha256:15440b045b3e8294c8cbb819b32ba26520ce53b18bf947166a21a38e34662d84	15440b045b3e8294c8cbb819b32ba26520ce53b18bf947166a21a38e34662d84
wireguard-go	https://ghcr.io/v2/homebrew/core/wireguard-go/blobs/sha256:b1c19618a231e9ca6c62dd268de8ab8905256d96540a252f0cebf05548a3939c	b1c19618a231e9ca6c62dd268de8ab8905256d96540a252f0cebf05548a3939c
wireguard-tools	https://ghcr.io/v2/homebrew/core/wireguard-tools/blobs/sha256:a8103231bca48f4d0db2257a2429f1f3ec18203cc654c48b24736552b3623128	a8103231bca48f4d0db2257a2429f1f3ec18203cc654c48b24736552b3623128
